
Microsoft Visual Studio Solution File, Format Version 12.00
# Visual Studio Version 17
VisualStudioVersion = 17.8.34330.188
MinimumVisualStudioVersion = 10.0.40219.1
Project("{FAE04EC0-301F-11D3-BF4B-00C04F79EFBC}") = "phase1Section3.4", "phase1Section3.4\phase1Section3.4.csproj", "{87CCA88B-DA48-4800-84F1-9D11E725BDB2}"
EndProject
Global
	GlobalSection(SolutionConfigurationPlatforms) = preSolution
		Debug|Any CPU = Debug|Any CPU
		Release|Any CPU = Release|Any CPU
	EndGlobalSection
	GlobalSection(ProjectConfigurationPlatforms) = postSolution
		{87CCA88B-DA48-4800-84F1-9D11E725BDB2}.Debug|Any CPU.ActiveCfg = Debug|Any CPU
		{87CCA88B-DA48-4800-84F1-9D11E725BDB2}.Debug|Any CPU.Build.0 = Debug|Any CPU
		{87CCA88B-DA48-4800-84F1-9D11E725BDB2}.Release|Any CPU.ActiveCfg = Release|Any CPU
		{87CCA88B-DA48-4800-84F1-9D11E725BDB2}.Release|Any CPU.Build.0 = Release|Any CPU
	EndGlobalSection
	GlobalSection(SolutionProperties) = preSolution
		HideSolutionNode = FALSE
	EndGlobalSection
	GlobalSection(ExtensibilityGlobals) = postSolution
		SolutionGuid = {147E93EB-909D-431D-9088-E2E6C4F50B3C}
	EndGlobalSection
EndGlobal
